// !$*UTF8*$!
{
	archiveVersion = 1;
	classes = {
	};
	objectVersion = 48;
	objects = {

/* Begin PBXBuildFile section */
		160BE57520239460004FBF9D /* UIViewExtension.swift in Sources */ = {isa = PBXBuildFile; fileRef = 160BE57420239460004FBF9D /* UIViewExtension.swift */; };
		16401888202126CE00FDE184 /* CustomButton.swift in Sources */ = {isa = PBXBuildFile; fileRef = 16401887202126CE00FDE184 /* CustomButton.swift */; };
		1640188A202160CA00FDE184 /* SessionViewController.swift in Sources */ = {isa = PBXBuildFile; fileRef = 16401889202160CA00FDE184 /* SessionViewController.swift */; };
		16A09242201676D20047D3CC /* AppDelegate.swift in Sources */ = {isa = PBXBuildFile; fileRef = 16A09241201676D20047D3CC /* AppDelegate.swift */; };
		16A09244201676D20047D3CC /* SelectionViewController.swift in Sources */ = {isa = PBXBuildFile; fileRef = 16A09243201676D20047D3CC /* SelectionViewController.swift */; };
		16A09247201676D20047D3CC /* Main.storyboard in Resources */ = {isa = PBXBuildFile; fileRef = 16A09245201676D20047D3CC /* Main.storyboard */; };
		16A09249201676D20047D3CC /* Assets.xcassets in Resources */ = {isa = PBXBuildFile; fileRef = 16A09248201676D20047D3CC /* Assets.xcassets */; };
		16A0924C201676D20047D3CC /* LaunchScreen.storyboard in Resources */ = {isa = PBXBuildFile; fileRef = 16A0924A201676D20047D3CC /* LaunchScreen.storyboard */; };
		57A98DC6CF70898676B06471 /* Pods_s_mount.framework in Frameworks */ = {isa = PBXBuildFile; fileRef = B939CC6AE2178FE8C2F00E53 /* Pods_s_mount.framework */; };
/* End PBXBuildFile section */

/* Begin PBXFileReference section */
		076EDCE1E7F15C6C353B49CC /* Pods-s-mount.release.xcconfig */ = {isa = PBXFileReference; includeInIndex = 1; lastKnownFileType = text.xcconfig; name = "Pods-s-mount.release.xcconfig"; path = "Pods/Target Support Files/Pods-s-mount/Pods-s-mount.release.xcconfig"; sourceTree = "<group>"; };
		160BE57420239460004FBF9D /* UIViewExtension.swift */ = {isa = PBXFileReference; lastKnownFileType = sourcecode.swift; path = UIViewExtension.swift; sourceTree = "<group>"; };
		16401887202126CE00FDE184 /* CustomButton.swift */ = {isa = PBXFileReference; lastKnownFileType = sourcecode.swift; path = CustomButton.swift; sourceTree = "<group>"; };
		16401889202160CA00FDE184 /* SessionViewController.swift */ = {isa = PBXFileReference; lastKnownFileType = sourcecode.swift; path = SessionViewController.swift; sourceTree = "<group>"; };
		16A0923E201676D20047D3CC /* s-mount.app */ = {isa = PBXFileReference; explicitFileType = wrapper.application; includeInIndex = 0; path = "s-mount.app"; sourceTree = BUILT_PRODUCTS_DIR; };
		16A09241201676D20047D3CC /* AppDelegate.swift */ = {isa = PBXFileReference; lastKnownFileType = sourcecode.swift; path = AppDelegate.swift; sourceTree = "<group>"; };
		16A09243201676D20047D3CC /* SelectionViewController.swift */ = {isa = PBXFileReference; lastKnownFileType = sourcecode.swift; path = SelectionViewController.swift; sourceTree = "<group>"; };
		16A09246201676D20047D3CC /* Base */ = {isa = PBXFileReference; lastKnownFileType = file.storyboard; name = Base; path = Base.lproj/Main.storyboard; sourceTree = "<group>"; };
		16A09248201676D20047D3CC /* Assets.xcassets */ = {isa = PBXFileReference; lastKnownFileType = folder.assetcatalog; path = Assets.xcassets; sourceTree = "<group>"; };
		16A0924B201676D20047D3CC /* Base */ = {isa = PBXFileReference; lastKnownFileType = file.storyboard; name = Base; path = Base.lproj/LaunchScreen.storyboard; sourceTree = "<group>"; };
		16A0924D201676D20047D3CC /* Info.plist */ = {isa = PBXFileReference; lastKnownFileType = text.plist.xml; path = Info.plist; sourceTree = "<group>"; };
		584BAF0ABDEFEF2E572726FB /* Pods-s-mount.debug.xcconfig */ = {isa = PBXFileReference; includeInIndex = 1; lastKnownFileType = text.xcconfig; name = "Pods-s-mount.debug.xcconfig"; path = "Pods/Target Support Files/Pods-s-mount/Pods-s-mount.debug.xcconfig"; sourceTree = "<group>"; };
		B939CC6AE2178FE8C2F00E53 /* Pods_s_mount.framework */ = {isa = PBXFileReference; explicitFileType = wrapper.framework; includeInIndex = 0; path = Pods_s_mount.framework; sourceTree = BUILT_PRODUCTS_DIR; };
/* End PBXFileReference section */

/* Begin PBXFrameworksBuildPhase section */
		16A0923B201676D20047D3CC /* Frameworks */ = {
			isa = PBXFrameworksBuildPhase;
			buildActionMask = 2147483647;
			files = (
				57A98DC6CF70898676B06471 /* Pods_s_mount.framework in Frameworks */,
			);
			runOnlyForDeploymentPostprocessing = 0;
		};
/* End PBXFrameworksBuildPhase section */

/* Begin PBXGroup section */
		16401886202126AD00FDE184 /* Extensions */ = {
			isa = PBXGroup;
			children = (
				16401887202126CE00FDE184 /* CustomButton.swift */,
				160BE57420239460004FBF9D /* UIViewExtension.swift */,
			);
			path = Extensions;
			sourceTree = "<group>";
		};
		16A09235201676D20047D3CC = {
			isa = PBXGroup;
			children = (
				16A09240201676D20047D3CC /* s-mount */,
				16A0923F201676D20047D3CC /* Products */,
				F4A0D7AB1435A651F2E77426 /* Pods */,
				7112CF852DB7D631886634E6 /* Frameworks */,
			);
			sourceTree = "<group>";
		};
		16A0923F201676D20047D3CC /* Products */ = {
			isa = PBXGroup;
			children = (
				16A0923E201676D20047D3CC /* s-mount.app */,
			);
			name = Products;
			sourceTree = "<group>";
		};
		16A09240201676D20047D3CC /* s-mount */ = {
			isa = PBXGroup;
			children = (
				16401886202126AD00FDE184 /* Extensions */,
				16A09241201676D20047D3CC /* AppDelegate.swift */,
				16A09243201676D20047D3CC /* SelectionViewController.swift */,
				16401889202160CA00FDE184 /* SessionViewController.swift */,
				16A09245201676D20047D3CC /* Main.storyboard */,
				16A09248201676D20047D3CC /* Assets.xcassets */,
				16A0924A201676D20047D3CC /* LaunchScreen.storyboard */,
				16A0924D201676D20047D3CC /* Info.plist */,
			);
			path = "s-mount";
			sourceTree = "<group>";
		};
		7112CF852DB7D631886634E6 /* Frameworks */ = {
			isa = PBXGroup;
			children = (
				B939CC6AE2178FE8C2F00E53 /* Pods_s_mount.framework */,
			);
			name = Frameworks;
			sourceTree = "<group>";
		};
		F4A0D7AB1435A651F2E77426 /* Pods */ = {
			isa = PBXGroup;
			children = (
				584BAF0ABDEFEF2E572726FB /* Pods-s-mount.debug.xcconfig */,
				076EDCE1E7F15C6C353B49CC /* Pods-s-mount.release.xcconfig */,
			);
			name = Pods;
			sourceTree = "<group>";
		};
/* End PBXGroup section */

/* Begin PBXNativeTarget section */
		16A0923D201676D20047D3CC /* s-mount */ = {
			isa = PBXNativeTarget;
			buildConfigurationList = 16A09250201676D20047D3CC /* Build configuration list for PBXNativeTarget "s-mount" */;
			buildPhases = (
				E0B7541BB171178080176EAB /* [CP] Check Pods Manifest.lock */,
				16A0923A201676D20047D3CC /* Sources */,
				16A0923B201676D20047D3CC /* Frameworks */,
				16A0923C201676D20047D3CC /* Resources */,
				9E56D5F18209F3BAB81CA44E /* [CP] Embed Pods Frameworks */,
				944520F6509F2F18B8CC2484 /* [CP] Copy Pods Resources */,
			);
			buildRules = (
			);
			dependencies = (
			);
			name = "s-mount";
			productName = "s-mount";
			productReference = 16A0923E201676D20047D3CC /* s-mount.app */;
			productType = "com.apple.product-type.application";
		};
/* End PBXNativeTarget section */

/* Begin PBXProject section */
		16A09236201676D20047D3CC /* Project object */ = {
			isa = PBXProject;
			attributes = {
				LastSwiftUpdateCheck = 0920;
				LastUpgradeCheck = 0920;
				ORGANIZATIONNAME = "Dave's Organization";
				TargetAttributes = {
					16A0923D201676D20047D3CC = {
						CreatedOnToolsVersion = 9.2;
						ProvisioningStyle = Automatic;
					};
				};
			};
			buildConfigurationList = 16A09239201676D20047D3CC /* Build configuration list for PBXProject "s-mount" */;
			compatibilityVersion = "Xcode 8.0";
			developmentRegion = en;
			hasScannedForEncodings = 0;
			knownRegions = (
				en,
				Base,
			);
			mainGroup = 16A09235201676D20047D3CC;
			productRefGroup = 16A0923F201676D20047D3CC /* Products */;
			projectDirPath = "";
			projectRoot = "";
			targets = (
				16A0923D201676D20047D3CC /* s-mount */,
			);
		};
/* End PBXProject section */

/* Begin PBXResourcesBuildPhase section */
		16A0923C201676D20047D3CC /* Resources */ = {
			isa = PBXResourcesBuildPhase;
			buildActionMask = 2147483647;
			files = (
				16A0924C201676D20047D3CC /* LaunchScreen.storyboard in Resources */,
				16A09249201676D20047D3CC /* Assets.xcassets in Resources */,
				16A09247201676D20047D3CC /* Main.storyboard in Resources */,
			);
			runOnlyForDeploymentPostprocessing = 0;
		};
/* End PBXResourcesBuildPhase section */

/* Begin PBXShellScriptBuildPhase section */
		944520F6509F2F18B8CC2484 /* [CP] Copy Pods Resources */ = {
			isa = PBXShellScriptBuildPhase;
			buildActionMask = 2147483647;
			files = (
			);
			inputPaths = (
			);
			name = "[CP] Copy Pods Resources";
			outputPaths = (
			);
			runOnlyForDeploymentPostprocessing = 0;
			shellPath = /bin/sh;
			shellScript = "\"${SRCROOT}/Pods/Target Support Files/Pods-s-mount/Pods-s-mount-resources.sh\"\n";
			showEnvVarsInLog = 0;
		};
		9E56D5F18209F3BAB81CA44E /* [CP] Embed Pods Frameworks */ = {
			isa = PBXShellScriptBuildPhase;
			buildActionMask = 2147483647;
			files = (
			);
			inputPaths = (
			);
			name = "[CP] Embed Pods Frameworks";
			outputPaths = (
			);
			runOnlyForDeploymentPostprocessing = 0;
			shellPath = /bin/sh;
			shellScript = "\"${SRCROOT}/Pods/Target Support Files/Pods-s-mount/Pods-s-mount-frameworks.sh\"\n";
			showEnvVarsInLog = 0;
		};
		E0B7541BB171178080176EAB /* [CP] Check Pods Manifest.lock */ = {
			isa = PBXShellScriptBuildPhase;
			buildActionMask = 2147483647;
			files = (
			);
			inputPaths = (
			);
			name = "[CP] Check Pods Manifest.lock";
			outputPaths = (
			);
			runOnlyForDeploymentPostprocessing = 0;
			shellPath = /bin/sh;
			shellScript = "diff \"${PODS_PODFILE_DIR_PATH}/Podfile.lock\" \"${PODS_ROOT}/Manifest.lock\" > /dev/null\nif [ $? != 0 ] ; then\n    # print error to STDERR\n    echo \"error: The sandbox is not in sync with the Podfile.lock. Run 'pod install' or update your CocoaPods installation.\" >&2\n    exit 1\nfi\n";
			showEnvVarsInLog = 0;
		};
/* End PBXShellScriptBuildPhase section */

/* Begin PBXSourcesBuildPhase section */
		16A0923A201676D20047D3CC /* Sources */ = {
			isa = PBXSourcesBuildPhase;
			buildActionMask = 2147483647;
			files = (
				160BE57520239460004FBF9D /* UIViewExtension.swift in Sources */,
				16A09244201676D20047D3CC /* SelectionViewController.swift in Sources */,
				1640188A202160CA00FDE184 /* SessionViewController.swift in Sources */,
				16A09242201676D20047D3CC /* AppDelegate.swift in Sources */,
				16401888202126CE00FDE184 /* CustomButton.swift in Sources */,
			);
			runOnlyForDeploymentPostprocessing = 0;
		};
/* End PBXSourcesBuildPhase section */

/* Begin PBXVariantGroup section */
		16A09245201676D20047D3CC /* Main.storyboard */ = {
			isa = PBXVariantGroup;
			children = (
				16A09246201676D20047D3CC /* Base */,
			);
			name = Main.storyboard;
			sourceTree = "<group>";
		};
		16A0924A201676D20047D3CC /* LaunchScreen.storyboard */ = {
			isa = PBXVariantGroup;
			children = (
				16A0924B201676D20047D3CC /* Base */,
			);
			name = LaunchScreen.storyboard;
			sourceTree = "<group>";
		};
/* End PBXVariantGroup section */

/* Begin XCBuildConfiguration section */
		16A0924E201676D20047D3CC /* Debug */ = {
			isa = XCBuildConfiguration;
			buildSettings = {
				ALWAYS_SEARCH_USER_PATHS = NO;
				CLANG_ANALYZER_NONNULL = YES;
				CLANG_ANALYZER_NUMBER_OBJECT_CONVERSION = YES_AGGRESSIVE;
				CLANG_CXX_LANGUAGE_STANDARD = "gnu++14";
				CLANG_CXX_LIBRARY = "libc++";
				CLANG_ENABLE_MODULES = YES;
				CLANG_ENABLE_OBJC_ARC = YES;
				CLANG_WARN_BLOCK_CAPTURE_AUTORELEASING = YES;
				CLANG_WARN_BOOL_CONVERSION = YES;
				CLANG_WARN_COMMA = YES;
				CLANG_WARN_CONSTANT_CONVERSION = YES;
				CLANG_WARN_DIRECT_OBJC_ISA_USAGE = YES_ERROR;
				CLANG_WARN_DOCUMENTATION_COMMENTS = YES;
				CLANG_WARN_EMPTY_BODY = YES;
				CLANG_WARN_ENUM_CONVERSION = YES;
				CLANG_WARN_INFINITE_RECURSION = YES;
				CLANG_WARN_INT_CONVERSION = YES;
				CLANG_WARN_NON_LITERAL_NULL_CONVERSION = YES;
				CLANG_WARN_OBJC_LITERAL_CONVERSION = YES;
				CLANG_WARN_OBJC_ROOT_CLASS = YES_ERROR;
				CLANG_WARN_RANGE_LOOP_ANALYSIS = YES;
				CLANG_WARN_STRICT_PROTOTYPES = YES;
				CLANG_WARN_SUSPICIOUS_MOVE = YES;
				CLANG_WARN_UNGUARDED_AVAILABILITY = YES_AGGRESSIVE;
				CLANG_WARN_UNREACHABLE_CODE = YES;
				CLANG_WARN__DUPLICATE_METHOD_MATCH = YES;
				CODE_SIGN_IDENTITY = "iPhone Developer";
				COPY_PHASE_STRIP = NO;
				DEBUG_INFORMATION_FORMAT = dwarf;
				ENABLE_STRICT_OBJC_MSGSEND = YES;
				ENABLE_TESTABILITY = YES;
				GCC_C_LANGUAGE_STANDARD = gnu11;
				GCC_DYNAMIC_NO_PIC = NO;
				GCC_NO_COMMON_BLOCKS = YES;
				GCC_OPTIMIZATION_LEVEL = 0;
				GCC_PREPROCESSOR_DEFINITIONS = (
					"DEBUG=1",
					"$(inherited)",
				);
				GCC_WARN_64_TO_32_BIT_CONVERSION = YES;
				GCC_WARN_ABOUT_RETURN_TYPE = YES_ERROR;
				GCC_WARN_UNDECLARED_SELECTOR = YES;
				GCC_WARN_UNINITIALIZED_AUTOS = YES_AGGRESSIVE;
				GCC_WARN_UNUSED_FUNCTION = YES;
				GCC_WARN_UNUSED_VARIABLE = YES;
				IPHONEOS_DEPLOYMENT_TARGET = 11.2;
				MTL_ENABLE_DEBUG_INFO = YES;
				ONLY_ACTIVE_ARCH = YES;
				SDKROOT = iphoneos;
				SWIFT_ACTIVE_COMPILATION_CONDITIONS = DEBUG;
				SWIFT_OPTIMIZATION_LEVEL = "-Onone";
			};
			name = Debug;
		};
		16A0924F201676D20047D3CC /* Release */ = {
			isa = XCBuildConfiguration;
			buildSettings = {
				ALWAYS_SEARCH_USER_PATHS = NO;
				CLANG_ANALYZER_NONNULL = YES;
				CLANG_ANALYZER_NUMBER_OBJECT_CONVERSION = YES_AGGRESSIVE;
				CLANG_CXX_LANGUAGE_STANDARD = "gnu++14";
				CLANG_CXX_LIBRARY = "libc++";
				CLANG_ENABLE_MODULES = YES;
				CLANG_ENABLE_OBJC_ARC = YES;
				CLANG_WARN_BLOCK_CAPTURE_AUTORELEASING = YES;
				CLANG_WARN_BOOL_CONVERSION = YES;
				CLANG_WARN_COMMA = YES;
				CLANG_WARN_CONSTANT_CONVERSION = YES;
				CLANG_WARN_DIRECT_OBJC_ISA_USAGE = YES_ERROR;
				CLANG_WARN_DOCUMENTATION_COMMENTS = YES;
				CLANG_WARN_EMPTY_BODY = YES;
				CLANG_WARN_ENUM_CONVERSION = YES;
				CLANG_WARN_INFINITE_RECURSION = YES;
				CLANG_WARN_INT_CONVERSION = YES;
				CLANG_WARN_NON_LITERAL_NULL_CONVERSION = YES;
				CLANG_WARN_OBJC_LITERAL_CONVERSION = YES;
				CLANG_WARN_OBJC_ROOT_CLASS = YES_ERROR;
				CLANG_WARN_RANGE_LOOP_ANALYSIS = YES;
				CLANG_WARN_STRICT_PROTOTYPES = YES;
				CLANG_WARN_SUSPICIOUS_MOVE = YES;
				CLANG_WARN_UNGUARDED_AVAILABILITY = YES_AGGRESSIVE;
				CLANG_WARN_UNREACHABLE_CODE = YES;
				CLANG_WARN__DUPLICATE_METHOD_MATCH = YES;
				CODE_SIGN_IDENTITY = "iPhone Developer";
				COPY_PHASE_STRIP = NO;
				DEBUG_INFORMATION_FORMAT = "dwarf-with-dsym";
				ENABLE_NS_ASSERTIONS = NO;
				ENABLE_STRICT_OBJC_MSGSEND = YES;
				GCC_C_LANGUAGE_STANDARD = gnu11;
				GCC_NO_COMMON_BLOCKS = YES;
				GCC_WARN_64_TO_32_BIT_CONVERSION = YES;
				GCC_WARN_ABOUT_RETURN_TYPE = YES_ERROR;
				GCC_WARN_UNDECLARED_SELECTOR = YES;
				GCC_WARN_UNINITIALIZED_AUTOS = YES_AGGRESSIVE;
				GCC_WARN_UNUSED_FUNCTION = YES;
				GCC_WARN_UNUSED_VARIABLE = YES;
				IPHONEOS_DEPLOYMENT_TARGET = 11.2;
				MTL_ENABLE_DEBUG_INFO = NO;
				SDKROOT = iphoneos;
				SWIFT_OPTIMIZATION_LEVEL = "-Owholemodule";
				VALIDATE_PRODUCT = YES;
			};
			name = Release;
		};
		16A09251201676D20047D3CC /* Debug */ = {
			isa = XCBuildConfiguration;
			baseConfigurationReference = 584BAF0ABDEFEF2E572726FB /* Pods-s-mount.debug.xcconfig */;
			buildSettings = {
				ASSETCATALOG_COMPILER_APPICON_NAME = AppIcon;
				CODE_SIGN_STYLE = Automatic;
				DEVELOPMENT_TEAM = 6F6J9E4SZ2;
				INFOPLIST_FILE = "s-mount/Info.plist";
				LD_RUNPATH_SEARCH_PATHS = "$(inherited) @executable_path/Frameworks";
				PRODUCT_BUNDLE_IDENTIFIER = "gumbad.s-mount";
				PRODUCT_NAME = "$(TARGET_NAME)";
				SWIFT_VERSION = 4.0;
				TARGETED_DEVICE_FAMILY = "1,2";
			};
			name = Debug;
		};
		16A09252201676D20047D3CC /* Release */ = {
			isa = XCBuildConfiguration;
			baseConfigurationReference = 076EDCE1E7F15C6C353B49CC /* Pods-s-mount.release.xcconfig */;
			buildSettings = {
				ASSETCATALOG_COMPILER_APPICON_NAME = AppIcon;
				CODE_SIGN_STYLE = Automatic;
				DEVELOPMENT_TEAM = 6F6J9E4SZ2;
				INFOPLIST_FILE = "s-mount/Info.plist";
				LD_RUNPATH_SEARCH_PATHS = "$(inherited) @executable_path/Frameworks";
				PRODUCT_BUNDLE_IDENTIFIER = "gumbad.s-mount";
				PRODUCT_NAME = "$(TARGET_NAME)";
				SWIFT_VERSION = 4.0;
				TARGETED_DEVICE_FAMILY = "1,2";
			};
			name = Release;
		};
/* End XCBuildConfiguration section */

/* Begin XCConfigurationList section */
		16A09239201676D20047D3CC /* Build configuration list for PBXProject "s-mount" */ = {
			isa = XCConfigurationList;
			buildConfigurations = (
				16A0924E201676D20047D3CC /* Debug */,
				16A0924F201676D20047D3CC /* Release */,
			);
			defaultConfigurationIsVisible = 0;
			defaultConfigurationName = Release;
		};
		16A09250201676D20047D3CC /* Build configuration list for PBXNativeTarget "s-mount" */ = {
			isa = XCConfigurationList;
			buildConfigurations = (
				16A09251201676D20047D3CC /* Debug */,
				16A09252201676D20047D3CC /* Release */,
			);
			defaultConfigurationIsVisible = 0;
			defaultConfigurationName = Release;
		};
/* End XCConfigurationList section */
	};
	rootObject = 16A09236201676D20047D3CC /* Project object */;
}
